
Microsoft Visual Studio Solution File, Format Version 12.00
# Visual Studio Version 17
VisualStudioVersion = 17.7.34031.279
MinimumVisualStudioVersion = 10.0.40219.1
Project("{FAE04EC0-301F-11D3-BF4B-00C04F79EFBC}") = "CaclulatorMAUI", "CaclulatorMAUI.csproj", "{EF9E547D-7613-437A-B6C3-E25756FD5EDD}"
EndProject
Global
	GlobalSection(SolutionConfigurationPlatforms) = preSolution
		Debug|Any CPU = Debug|Any CPU
		Release|Any CPU = Release|Any CPU
	EndGlobalSection
	GlobalSection(ProjectConfigurationPlatforms) = postSolution
		{EF9E547D-7613-437A-B6C3-E25756FD5EDD}.Debug|Any CPU.ActiveCfg = Debug|Any CPU
		{EF9E547D-7613-437A-B6C3-E25756FD5EDD}.Debug|Any CPU.Build.0 = Debug|Any CPU
		{EF9E547D-7613-437A-B6C3-E25756FD5EDD}.Debug|Any CPU.Deploy.0 = Debug|Any CPU
		{EF9E547D-7613-437A-B6C3-E25756FD5EDD}.Release|Any CPU.ActiveCfg = Release|Any CPU
		{EF9E547D-7613-437A-B6C3-E25756FD5EDD}.Release|Any CPU.Build.0 = Release|Any CPU
		{EF9E547D-7613-437A-B6C3-E25756FD5EDD}.Release|Any CPU.Deploy.0 = Release|Any CPU
	EndGlobalSection
	GlobalSection(SolutionProperties) = preSolution
		HideSolutionNode = FALSE
	EndGlobalSection
	GlobalSection(ExtensibilityGlobals) = postSolution
		SolutionGuid = {387AD472-1FE0-41EA-8099-5664F8A67BEF}
	EndGlobalSection
EndGlobal
